
Microsoft Visual Studio Solution File, Format Version 12.00
# Visual Studio Version 17
VisualStudioVersion = 17.0.31903.59
MinimumVisualStudioVersion = 10.0.40219.1
Project("{FAE04EC0-301F-11D3-BF4B-00C04F79EFBC}") = "Domain", "Domain\Domain.csproj", "{6E675E9B-92BD-4D61-8703-AD4B7C1BFAFE}"
EndProject
Project("{FAE04EC0-301F-11D3-BF4B-00C04F79EFBC}") = "Application", "Application\Application.csproj", "{5FBAD012-375C-41E4-9288-C30CBFE7A821}"
EndProject
Project("{FAE04EC0-301F-11D3-BF4B-00C04F79EFBC}") = "Infrastructure", "Infrastructure\Infrastructure.csproj", "{BC891427-14FF-4CA2-8E67-322BDEC7B24F}"
EndProject
Project("{FAE04EC0-301F-11D3-BF4B-00C04F79EFBC}") = "SurveyApi", "SurveyApi\SurveyApi.csproj", "{AEE78C45-AF4F-4A52-B5EB-97A95DC1545D}"
EndProject
Global
	GlobalSection(SolutionConfigurationPlatforms) = preSolution
		Debug|Any CPU = Debug|Any CPU
		Debug|x64 = Debug|x64
		Debug|x86 = Debug|x86
		Release|Any CPU = Release|Any CPU
		Release|x64 = Release|x64
		Release|x86 = Release|x86
	EndGlobalSection
	GlobalSection(ProjectConfigurationPlatforms) = postSolution
		{6E675E9B-92BD-4D61-8703-AD4B7C1BFAFE}.Debug|Any CPU.ActiveCfg = Debug|Any CPU
		{6E675E9B-92BD-4D61-8703-AD4B7C1BFAFE}.Debug|Any CPU.Build.0 = Debug|Any CPU
		{6E675E9B-92BD-4D61-8703-AD4B7C1BFAFE}.Debug|x64.ActiveCfg = Debug|Any CPU
		{6E675E9B-92BD-4D61-8703-AD4B7C1BFAFE}.Debug|x64.Build.0 = Debug|Any CPU
		{6E675E9B-92BD-4D61-8703-AD4B7C1BFAFE}.Debug|x86.ActiveCfg = Debug|Any CPU
		{6E675E9B-92BD-4D61-8703-AD4B7C1BFAFE}.Debug|x86.Build.0 = Debug|Any CPU
		{6E675E9B-92BD-4D61-8703-AD4B7C1BFAFE}.Release|Any CPU.ActiveCfg = Release|Any CPU
		{6E675E9B-92BD-4D61-8703-AD4B7C1BFAFE}.Release|Any CPU.Build.0 = Release|Any CPU
		{6E675E9B-92BD-4D61-8703-AD4B7C1BFAFE}.Release|x64.ActiveCfg = Release|Any CPU
		{6E675E9B-92BD-4D61-8703-AD4B7C1BFAFE}.Release|x64.Build.0 = Release|Any CPU
		{6E675E9B-92BD-4D61-8703-AD4B7C1BFAFE}.Release|x86.ActiveCfg = Release|Any CPU
		{6E675E9B-92BD-4D61-8703-AD4B7C1BFAFE}.Release|x86.Build.0 = Release|Any CPU
		{5FBAD012-375C-41E4-9288-C30CBFE7A821}.Debug|Any CPU.ActiveCfg = Debug|Any CPU
		{5FBAD012-375C-41E4-9288-C30CBFE7A821}.Debug|Any CPU.Build.0 = Debug|Any CPU
		{5FBAD012-375C-41E4-9288-C30CBFE7A821}.Debug|x64.ActiveCfg = Debug|Any CPU
		{5FBAD012-375C-41E4-9288-C30CBFE7A821}.Debug|x64.Build.0 = Debug|Any CPU
		{5FBAD012-375C-41E4-9288-C30CBFE7A821}.Debug|x86.ActiveCfg = Debug|Any CPU
		{5FBAD012-375C-41E4-9288-C30CBFE7A821}.Debug|x86.Build.0 = Debug|Any CPU
		{5FBAD012-375C-41E4-9288-C30CBFE7A821}.Release|Any CPU.ActiveCfg = Release|Any CPU
		{5FBAD012-375C-41E4-9288-C30CBFE7A821}.Release|Any CPU.Build.0 = Release|Any CPU
		{5FBAD012-375C-41E4-9288-C30CBFE7A821}.Release|x64.ActiveCfg = Release|Any CPU
		{5FBAD012-375C-41E4-9288-C30CBFE7A821}.Release|x64.Build.0 = Release|Any CPU
		{5FBAD012-375C-41E4-9288-C30CBFE7A821}.Release|x86.ActiveCfg = Release|Any CPU
		{5FBAD012-375C-41E4-9288-C30CBFE7A821}.Release|x86.Build.0 = Release|Any CPU
		{BC891427-14FF-4CA2-8E67-322BDEC7B24F}.Debug|Any CPU.ActiveCfg = Debug|Any CPU
		{BC891427-14FF-4CA2-8E67-322BDEC7B24F}.Debug|Any CPU.Build.0 = Debug|Any CPU
		{BC891427-14FF-4CA2-8E67-322BDEC7B24F}.Debug|x64.ActiveCfg = Debug|Any CPU
		{BC891427-14FF-4CA2-8E67-322BDEC7B24F}.Debug|x64.Build.0 = Debug|Any CPU
		{BC891427-14FF-4CA2-8E67-322BDEC7B24F}.Debug|x86.ActiveCfg = Debug|Any CPU
		{BC891427-14FF-4CA2-8E67-322BDEC7B24F}.Debug|x86.Build.0 = Debug|Any CPU
		{BC891427-14FF-4CA2-8E67-322BDEC7B24F}.Release|Any CPU.ActiveCfg = Release|Any CPU
		{BC891427-14FF-4CA2-8E67-322BDEC7B24F}.Release|Any CPU.Build.0 = Release|Any CPU
		{BC891427-14FF-4CA2-8E67-322BDEC7B24F}.Release|x64.ActiveCfg = Release|Any CPU
		{BC891427-14FF-4CA2-8E67-322BDEC7B24F}.Release|x64.Build.0 = Release|Any CPU
		{BC891427-14FF-4CA2-8E67-322BDEC7B24F}.Release|x86.ActiveCfg = Release|Any CPU
		{BC891427-14FF-4CA2-8E67-322BDEC7B24F}.Release|x86.Build.0 = Release|Any CPU
		{AEE78C45-AF4F-4A52-B5EB-97A95DC1545D}.Debug|Any CPU.ActiveCfg = Debug|Any CPU
		{AEE78C45-AF4F-4A52-B5EB-97A95DC1545D}.Debug|Any CPU.Build.0 = Debug|Any CPU
		{AEE78C45-AF4F-4A52-B5EB-97A95DC1545D}.Debug|x64.ActiveCfg = Debug|Any CPU
		{AEE78C45-AF4F-4A52-B5EB-97A95DC1545D}.Debug|x64.Build.0 = Debug|Any CPU
		{AEE78C45-AF4F-4A52-B5EB-97A95DC1545D}.Debug|x86.ActiveCfg = Debug|Any CPU
		{AEE78C45-AF4F-4A52-B5EB-97A95DC1545D}.Debug|x86.Build.0 = Debug|Any CPU
		{AEE78C45-AF4F-4A52-B5EB-97A95DC1545D}.Release|Any CPU.ActiveCfg = Release|Any CPU
		{AEE78C45-AF4F-4A52-B5EB-97A95DC1545D}.Release|Any CPU.Build.0 = Release|Any CPU
		{AEE78C45-AF4F-4A52-B5EB-97A95DC1545D}.Release|x64.ActiveCfg = Release|Any CPU
		{AEE78C45-AF4F-4A52-B5EB-97A95DC1545D}.Release|x64.Build.0 = Release|Any CPU
		{AEE78C45-AF4F-4A52-B5EB-97A95DC1545D}.Release|x86.ActiveCfg = Release|Any CPU
		{AEE78C45-AF4F-4A52-B5EB-97A95DC1545D}.Release|x86.Build.0 = Release|Any CPU
	EndGlobalSection
	GlobalSection(SolutionProperties) = preSolution
		HideSolutionNode = FALSE
	EndGlobalSection
EndGlobal
